
Microsoft Visual Studio Solution File, Format Version 12.00
# Visual Studio Version 16
VisualStudioVersion = 16.0.29230.47
MinimumVisualStudioVersion = 10.0.40219.1
Project("{FAE04EC0-301F-11D3-BF4B-00C04F79EFBC}") = "UnitTestProject1", "UnitTestProject1\UnitTestProject1.csproj", "{4B927BE0-832E-4A37-B61C-C5F2F10A1E58}"
EndProject
Global
	GlobalSection(SolutionConfigurationPlatforms) = preSolution
		Debug|Any CPU = Debug|Any CPU
		Release|Any CPU = Release|Any CPU
	EndGlobalSection
	GlobalSection(ProjectConfigurationPlatforms) = postSolution
		{4B927BE0-832E-4A37-B61C-C5F2F10A1E58}.Debug|Any CPU.ActiveCfg = Debug|Any CPU
		{4B927BE0-832E-4A37-B61C-C5F2F10A1E58}.Debug|Any CPU.Build.0 = Debug|Any CPU
		{4B927BE0-832E-4A37-B61C-C5F2F10A1E58}.Release|Any CPU.ActiveCfg = Release|Any CPU
		{4B927BE0-832E-4A37-B61C-C5F2F10A1E58}.Release|Any CPU.Build.0 = Release|Any CPU
	EndGlobalSection
	GlobalSection(SolutionProperties) = preSolution
		HideSolutionNode = FALSE
	EndGlobalSection
	GlobalSection(ExtensibilityGlobals) = postSolution
		SolutionGuid = {03D0781D-DC67-49F2-8DFB-E1017B217358}
	EndGlobalSection
EndGlobal
